
Microsoft Visual Studio Solution File, Format Version 12.00
# Visual Studio 14
VisualStudioVersion = 14.0.25420.1
MinimumVisualStudioVersion = 10.0.40219.1
Project("{FAE04EC0-301F-11D3-BF4B-00C04F79EFBC}") = "WebAppForms1", "WebAppForms1\WebAppForms1.csproj", "{B94371EA-D4E5-4367-A90D-D48636762317}"
EndProject
Project("{FAE04EC0-301F-11D3-BF4B-00C04F79EFBC}") = "WebAppForms1.Tests", "WebAppForms1.Tests\WebAppForms1.Tests.csproj", "{08F076C3-EB54-43B2-8422-6AC375B15048}"
EndProject
Global
	GlobalSection(SolutionConfigurationPlatforms) = preSolution
		Debug|Any CPU = Debug|Any CPU
		Release|Any CPU = Release|Any CPU
	EndGlobalSection
	GlobalSection(ProjectConfigurationPlatforms) = postSolution
		{B94371EA-D4E5-4367-A90D-D48636762317}.Debug|Any CPU.ActiveCfg = Debug|Any CPU
		{B94371EA-D4E5-4367-A90D-D48636762317}.Debug|Any CPU.Build.0 = Debug|Any CPU
		{B94371EA-D4E5-4367-A90D-D48636762317}.Release|Any CPU.ActiveCfg = Release|Any CPU
		{B94371EA-D4E5-4367-A90D-D48636762317}.Release|Any CPU.Build.0 = Release|Any CPU
		{08F076C3-EB54-43B2-8422-6AC375B15048}.Debug|Any CPU.ActiveCfg = Debug|Any CPU
		{08F076C3-EB54-43B2-8422-6AC375B15048}.Debug|Any CPU.Build.0 = Debug|Any CPU
		{08F076C3-EB54-43B2-8422-6AC375B15048}.Release|Any CPU.ActiveCfg = Release|Any CPU
		{08F076C3-EB54-43B2-8422-6AC375B15048}.Release|Any CPU.Build.0 = Release|Any CPU
	EndGlobalSection
	GlobalSection(SolutionProperties) = preSolution
		HideSolutionNode = FALSE
	EndGlobalSection
EndGlobal
